
Microsoft Visual Studio Solution File, Format Version 12.00
# Visual Studio Version 17
VisualStudioVersion = 17.4.33403.182
MinimumVisualStudioVersion = 10.0.40219.1
Project("{FAE04EC0-301F-11D3-BF4B-00C04F79EFBC}") = "webDangKiem", "webDangKiem\webDangKiem.csproj", "{6636D090-42A8-4D72-8672-9C5F395F8969}"
EndProject
Project("{FAE04EC0-301F-11D3-BF4B-00C04F79EFBC}") = "UnitTest", "UnitTest\UnitTest.csproj", "{A31B984B-DFFD-4605-BCFD-E233B56E3B53}"
EndProject
Global
	GlobalSection(SolutionConfigurationPlatforms) = preSolution
		Debug|Any CPU = Debug|Any CPU
		Release|Any CPU = Release|Any CPU
	EndGlobalSection
	GlobalSection(ProjectConfigurationPlatforms) = postSolution
		{6636D090-42A8-4D72-8672-9C5F395F8969}.Debug|Any CPU.ActiveCfg = Debug|Any CPU
		{6636D090-42A8-4D72-8672-9C5F395F8969}.Debug|Any CPU.Build.0 = Debug|Any CPU
		{6636D090-42A8-4D72-8672-9C5F395F8969}.Release|Any CPU.ActiveCfg = Release|Any CPU
		{6636D090-42A8-4D72-8672-9C5F395F8969}.Release|Any CPU.Build.0 = Release|Any CPU
		{A31B984B-DFFD-4605-BCFD-E233B56E3B53}.Debug|Any CPU.ActiveCfg = Debug|Any CPU
		{A31B984B-DFFD-4605-BCFD-E233B56E3B53}.Debug|Any CPU.Build.0 = Debug|Any CPU
		{A31B984B-DFFD-4605-BCFD-E233B56E3B53}.Release|Any CPU.ActiveCfg = Release|Any CPU
		{A31B984B-DFFD-4605-BCFD-E233B56E3B53}.Release|Any CPU.Build.0 = Release|Any CPU
	EndGlobalSection
	GlobalSection(SolutionProperties) = preSolution
		HideSolutionNode = FALSE
	EndGlobalSection
	GlobalSection(ExtensibilityGlobals) = postSolution
		SolutionGuid = {C581BE7A-6D3E-49FB-A539-F7A82CDAF687}
	EndGlobalSection
EndGlobal
